
Microsoft Visual Studio Solution File, Format Version 12.00
# Visual Studio Version 17
VisualStudioVersion = 17.3.32825.248
MinimumVisualStudioVersion = 10.0.40219.1
Project("{FAE04EC0-301F-11D3-BF4B-00C04F79EFBC}") = "DutchTreat", "DutchTreat\DutchTreat.csproj", "{69C3F809-FA58-4D20-976C-7B6FE72EA658}"
EndProject
Global
	GlobalSection(SolutionConfigurationPlatforms) = preSolution
		Debug|Any CPU = Debug|Any CPU
		Release|Any CPU = Release|Any CPU
	EndGlobalSection
	GlobalSection(ProjectConfigurationPlatforms) = postSolution
		{69C3F809-FA58-4D20-976C-7B6FE72EA658}.Debug|Any CPU.ActiveCfg = Debug|Any CPU
		{69C3F809-FA58-4D20-976C-7B6FE72EA658}.Debug|Any CPU.Build.0 = Debug|Any CPU
		{69C3F809-FA58-4D20-976C-7B6FE72EA658}.Release|Any CPU.ActiveCfg = Release|Any CPU
		{69C3F809-FA58-4D20-976C-7B6FE72EA658}.Release|Any CPU.Build.0 = Release|Any CPU
	EndGlobalSection
	GlobalSection(SolutionProperties) = preSolution
		HideSolutionNode = FALSE
	EndGlobalSection
	GlobalSection(ExtensibilityGlobals) = postSolution
		SolutionGuid = {5B33C78C-4B95-4576-BA66-873BD0310550}
	EndGlobalSection
EndGlobal
